// !$*UTF8*$!
{
	archiveVersion = 1;
	classes = {
	};
	objectVersion = 50;
	objects = {

/* Begin PBXBuildFile section */
		4103C4E32355F2F7000918EB /* WorkCollectionHeaderViewModel.swift in Sources */ = {isa = PBXBuildFile; fileRef = 4103C4E22355F2F7000918EB /* WorkCollectionHeaderViewModel.swift */; };
		410E1C08234EC6940088C71A /* LoadingViewController.storyboard in Resources */ = {isa = PBXBuildFile; fileRef = 410E1C07234EC6940088C71A /* LoadingViewController.storyboard */; };
		410E1C0A234EC6B10088C71A /* LoadingViewController.swift in Sources */ = {isa = PBXBuildFile; fileRef = 410E1C09234EC6B10088C71A /* LoadingViewController.swift */; };
		411A16A32340E3C000644A61 /* HyperionCore.framework in Frameworks */ = {isa = PBXBuildFile; fileRef = 411A16A22340E3C000644A61 /* HyperionCore.framework */; settings = {ATTRIBUTES = (Weak, ); }; };
		411A16A72340E3D000644A61 /* AttributesInspector.framework in Frameworks */ = {isa = PBXBuildFile; fileRef = 411A16A62340E3D000644A61 /* AttributesInspector.framework */; settings = {ATTRIBUTES = (Weak, ); }; };
		41222D022340452000F5EFE9 /* Work.swift in Sources */ = {isa = PBXBuildFile; fileRef = 41222D012340452000F5EFE9 /* Work.swift */; };
		41222D042340484600F5EFE9 /* UserData.swift in Sources */ = {isa = PBXBuildFile; fileRef = 41222D032340484600F5EFE9 /* UserData.swift */; };
		41270EAE233B291C00B88732 /* Array+Extensions.swift in Sources */ = {isa = PBXBuildFile; fileRef = 41270EAD233B291C00B88732 /* Array+Extensions.swift */; };
		41456D6223559AFE0077309C /* AssetsManager.swift in Sources */ = {isa = PBXBuildFile; fileRef = 41456D6123559AFE0077309C /* AssetsManager.swift */; };
		41481F4123438129004E2EB2 /* GoogleService-Info.plist in Resources */ = {isa = PBXBuildFile; fileRef = 41481F4023438129004E2EB2 /* GoogleService-Info.plist */; };
		41481F582343873E004E2EB2 /* nanopb.framework in Frameworks */ = {isa = PBXBuildFile; fileRef = 41481F452343873D004E2EB2 /* nanopb.framework */; };
		41481F5A2343873E004E2EB2 /* FirebaseCoreDiagnostics.framework in Frameworks */ = {isa = PBXBuildFile; fileRef = 41481F462343873D004E2EB2 /* FirebaseCoreDiagnostics.framework */; };
		41481F5C2343873E004E2EB2 /* FirebaseAnalytics.framework in Frameworks */ = {isa = PBXBuildFile; fileRef = 41481F472343873D004E2EB2 /* FirebaseAnalytics.framework */; };
		41481F5E2343873E004E2EB2 /* GTMSessionFetcher.framework in Frameworks */ = {isa = PBXBuildFile; fileRef = 41481F482343873D004E2EB2 /* GTMSessionFetcher.framework */; };
		41481F602343873E004E2EB2 /* leveldb-library.framework in Frameworks */ = {isa = PBXBuildFile; fileRef = 41481F492343873D004E2EB2 /* leveldb-library.framework */; };
		41481F622343873E004E2EB2 /* FirebaseFirestore.framework in Frameworks */ = {isa = PBXBuildFile; fileRef = 41481F4A2343873D004E2EB2 /* FirebaseFirestore.framework */; };
		41481F642343873E004E2EB2 /* gRPC-C++.framework in Frameworks */ = {isa = PBXBuildFile; fileRef = 41481F4B2343873D004E2EB2 /* gRPC-C++.framework */; };
		41481F662343873E004E2EB2 /* GoogleUtilities.framework in Frameworks */ = {isa = PBXBuildFile; fileRef = 41481F4C2343873D004E2EB2 /* GoogleUtilities.framework */; };
		41481F682343873E004E2EB2 /* FirebaseStorage.framework in Frameworks */ = {isa = PBXBuildFile; fileRef = 41481F4D2343873D004E2EB2 /* FirebaseStorage.framework */; };
		41481F6A2343873E004E2EB2 /* GoogleAppMeasurement.framework in Frameworks */ = {isa = PBXBuildFile; fileRef = 41481F4E2343873D004E2EB2 /* GoogleAppMeasurement.framework */; };
		41481F6C2343873E004E2EB2 /* BoringSSL-GRPC.framework in Frameworks */ = {isa = PBXBuildFile; fileRef = 41481F4F2343873E004E2EB2 /* BoringSSL-GRPC.framework */; };
		41481F6E2343873E004E2EB2 /* GoogleDataTransportCCTSupport.framework in Frameworks */ = {isa = PBXBuildFile; fileRef = 41481F502343873E004E2EB2 /* GoogleDataTransportCCTSupport.framework */; };
		41481F702343873E004E2EB2 /* FIRAnalyticsConnector.framework in Frameworks */ = {isa = PBXBuildFile; fileRef = 41481F512343873E004E2EB2 /* FIRAnalyticsConnector.framework */; };
		41481F722343873E004E2EB2 /* Protobuf.framework in Frameworks */ = {isa = PBXBuildFile; fileRef = 41481F522343873E004E2EB2 /* Protobuf.framework */; };
		41481F742343873E004E2EB2 /* GoogleDataTransport.framework in Frameworks */ = {isa = PBXBuildFile; fileRef = 41481F532343873E004E2EB2 /* GoogleDataTransport.framework */; };
		41481F762343873F004E2EB2 /* FirebaseCore.framework in Frameworks */ = {isa = PBXBuildFile; fileRef = 41481F542343873E004E2EB2 /* FirebaseCore.framework */; };
		41481F782343873F004E2EB2 /* gRPC-Core.framework in Frameworks */ = {isa = PBXBuildFile; fileRef = 41481F552343873E004E2EB2 /* gRPC-Core.framework */; };
		41481F7A2343873F004E2EB2 /* FirebaseInstanceID.framework in Frameworks */ = {isa = PBXBuildFile; fileRef = 41481F562343873E004E2EB2 /* FirebaseInstanceID.framework */; };
		41481F7C2343873F004E2EB2 /* FirebaseAuth.framework in Frameworks */ = {isa = PBXBuildFile; fileRef = 41481F572343873E004E2EB2 /* FirebaseAuth.framework */; };
		41481F80234387C8004E2EB2 /* gRPCCertificates-Cpp.bundle in Resources */ = {isa = PBXBuildFile; fileRef = 41481F7F234387C8004E2EB2 /* gRPCCertificates-Cpp.bundle */; };
		41481F8423438949004E2EB2 /* StoreKit.framework in Frameworks */ = {isa = PBXBuildFile; fileRef = 41481F8323438949004E2EB2 /* StoreKit.framework */; };
		41481F8523438966004E2EB2 /* libsqlite3.tbd in Frameworks */ = {isa = PBXBuildFile; fileRef = 41481F812343892C004E2EB2 /* libsqlite3.tbd */; };
		41481F862343896E004E2EB2 /* libc++.tbd in Frameworks */ = {isa = PBXBuildFile; fileRef = 41481F822343893E004E2EB2 /* libc++.tbd */; };
		41481F89234389AF004E2EB2 /* FirebaseService.swift in Sources */ = {isa = PBXBuildFile; fileRef = 41481F88234389AF004E2EB2 /* FirebaseService.swift */; };
		41481F8B234390C8004E2EB2 /* Hydra.framework in Frameworks */ = {isa = PBXBuildFile; fileRef = 41481F8A234390C8004E2EB2 /* Hydra.framework */; };
		414F0E5423446C100013F833 /* Firestore+Extensions.swift in Sources */ = {isa = PBXBuildFile; fileRef = 414F0E5323446C100013F833 /* Firestore+Extensions.swift */; };
		414F0E5A23446E2D0013F833 /* CodableFirebase.framework in Frameworks */ = {isa = PBXBuildFile; fileRef = 414F0E5923446E2D0013F833 /* CodableFirebase.framework */; };
		414F0E60234488F20013F833 /* SubscriptionToken.swift in Sources */ = {isa = PBXBuildFile; fileRef = 414F0E5F234488F20013F833 /* SubscriptionToken.swift */; };
		414F0E6523448FA70013F833 /* WorkTests.swift in Sources */ = {isa = PBXBuildFile; fileRef = 414F0E6423448FA70013F833 /* WorkTests.swift */; };
		41647D88234745670021A2E3 /* ScanningViewModel.swift in Sources */ = {isa = PBXBuildFile; fileRef = 41647D87234745670021A2E3 /* ScanningViewModel.swift */; };
		41647D8B2347458B0021A2E3 /* SharingViewModel.swift in Sources */ = {isa = PBXBuildFile; fileRef = 41647D8A2347458B0021A2E3 /* SharingViewModel.swift */; };
		416C212A234723A100648C0A /* TopPageViewController.storyboard in Resources */ = {isa = PBXBuildFile; fileRef = 416C2129234723A100648C0A /* TopPageViewController.storyboard */; };
		416C212C2347240200648C0A /* TopPageViewController.swift in Sources */ = {isa = PBXBuildFile; fileRef = 416C212B2347240200648C0A /* TopPageViewController.swift */; };
		416C2131234724D500648C0A /* HistoryViewController.swift in Sources */ = {isa = PBXBuildFile; fileRef = 416C2130234724D500648C0A /* HistoryViewController.swift */; };
		416C21342347256A00648C0A /* WorkCollectionViewCell.swift in Sources */ = {isa = PBXBuildFile; fileRef = 416C21322347256A00648C0A /* WorkCollectionViewCell.swift */; };
		416C2138234725C100648C0A /* LaunchScanningViewController.storyboard in Resources */ = {isa = PBXBuildFile; fileRef = 416C2137234725C100648C0A /* LaunchScanningViewController.storyboard */; };
		416C213A234725DD00648C0A /* LaunchScanningViewController.swift in Sources */ = {isa = PBXBuildFile; fileRef = 416C2139234725DD00648C0A /* LaunchScanningViewController.swift */; };
		416C213D2347261B00648C0A /* ScanningViewController.storyboard in Resources */ = {isa = PBXBuildFile; fileRef = 416C213C2347261B00648C0A /* ScanningViewController.storyboard */; };
		416C213F2347264100648C0A /* ScanningViewController.swift in Sources */ = {isa = PBXBuildFile; fileRef = 416C213E2347264100648C0A /* ScanningViewController.swift */; };
		416E580E2357587B004A1B30 /* LoadingViewModel.swift in Sources */ = {isa = PBXBuildFile; fileRef = 416E580D2357587B004A1B30 /* LoadingViewModel.swift */; };
		4176FAE82340509B0025B470 /* UserDataObject.swift in Sources */ = {isa = PBXBuildFile; fileRef = 4176FAE72340509B0025B470 /* UserDataObject.swift */; };
		4186ADDE23324192002F6A4C /* AppDelegate.swift in Sources */ = {isa = PBXBuildFile; fileRef = 4186ADDD23324192002F6A4C /* AppDelegate.swift */; };
		4186ADE023324192002F6A4C /* art.scnassets in Resources */ = {isa = PBXBuildFile; fileRef = 4186ADDF23324192002F6A4C /* art.scnassets */; };
		4186ADE723324194002F6A4C /* Assets.xcassets in Resources */ = {isa = PBXBuildFile; fileRef = 4186ADE623324194002F6A4C /* Assets.xcassets */; };
		4186ADEA23324194002F6A4C /* LaunchScreen.storyboard in Resources */ = {isa = PBXBuildFile; fileRef = 4186ADE823324194002F6A4C /* LaunchScreen.storyboard */; };
		4186ADFC233254FB002F6A4C /* UIImage+Extensions.swift in Sources */ = {isa = PBXBuildFile; fileRef = 4186ADF6233254FB002F6A4C /* UIImage+Extensions.swift */; };
		4186ADFF233254FB002F6A4C /* UIViewController+Extensions.swift in Sources */ = {isa = PBXBuildFile; fileRef = 4186ADF9233254FB002F6A4C /* UIViewController+Extensions.swift */; };
		4186AE00233254FB002F6A4C /* UITableView+Extensions.swift in Sources */ = {isa = PBXBuildFile; fileRef = 4186ADFA233254FB002F6A4C /* UITableView+Extensions.swift */; };
		4186AE092332553F002F6A4C /* Injectable.swift in Sources */ = {isa = PBXBuildFile; fileRef = 4186AE082332553F002F6A4C /* Injectable.swift */; };
		418E40C92352FB1100322B6A /* SnapKit+Extensions.swift in Sources */ = {isa = PBXBuildFile; fileRef = 418E40C82352FB1100322B6A /* SnapKit+Extensions.swift */; };
		418FDBDC2352E77300E57D51 /* HistoryViewModel.swift in Sources */ = {isa = PBXBuildFile; fileRef = 418FDBDB2352E77300E57D51 /* HistoryViewModel.swift */; };
		41907CA9233F19EC00C54253 /* DataStore.swift in Sources */ = {isa = PBXBuildFile; fileRef = 41907CA8233F19EC00C54253 /* DataStore.swift */; };
		41A3C7AE233E6C7C008C797A /* Realm.framework in Frameworks */ = {isa = PBXBuildFile; fileRef = 41A3C7AD233E6C7C008C797A /* Realm.framework */; };
		41A3C7B0233E6C86008C797A /* RealmSwift.framework in Frameworks */ = {isa = PBXBuildFile; fileRef = 41A3C7AF233E6C86008C797A /* RealmSwift.framework */; };
		41A596A923334179008DA6AF /* LabelNode.swift in Sources */ = {isa = PBXBuildFile; fileRef = 41A596A823334179008DA6AF /* LabelNode.swift */; };
		41B589EC2347279800C4BB45 /* SharingViewController.swift in Sources */ = {isa = PBXBuildFile; fileRef = 41B589EB2347279800C4BB45 /* SharingViewController.swift */; };
		41B58A1323473A5E00C4BB45 /* WorkCollectionViewCell.xib in Resources */ = {isa = PBXBuildFile; fileRef = 41B58A1223473A5D00C4BB45 /* WorkCollectionViewCell.xib */; };
		41B58A182347425200C4BB45 /* WorkCollectionViewCellModel.swift in Sources */ = {isa = PBXBuildFile; fileRef = 41B58A172347425200C4BB45 /* WorkCollectionViewCellModel.swift */; };
		41B5BB232344F27700A274C7 /* String+Extensions.swift in Sources */ = {isa = PBXBuildFile; fileRef = 41B5BB222344F27700A274C7 /* String+Extensions.swift */; };
		41B5BB252344F48700A274C7 /* UIView+Extensions.swift in Sources */ = {isa = PBXBuildFile; fileRef = 41B5BB242344F48700A274C7 /* UIView+Extensions.swift */; };
		41B5BB272344F4BE00A274C7 /* UIApplication+Extensions.swift in Sources */ = {isa = PBXBuildFile; fileRef = 41B5BB262344F4BE00A274C7 /* UIApplication+Extensions.swift */; };
		41B9AEB52367F64200CA1997 /* System.swift in Sources */ = {isa = PBXBuildFile; fileRef = 41B9AEB42367F64200CA1997 /* System.swift */; };
		41B9AEB92367FDEC00CA1997 /* AssetsManagerTests.swift in Sources */ = {isa = PBXBuildFile; fileRef = 41B9AEB82367FDEC00CA1997 /* AssetsManagerTests.swift */; };
		41B9AEBB2368022200CA1997 /* UserDataTests.swift in Sources */ = {isa = PBXBuildFile; fileRef = 41B9AEBA2368022200CA1997 /* UserDataTests.swift */; };
		41D34EC52339DF090096188B /* RxSwift.framework in Frameworks */ = {isa = PBXBuildFile; fileRef = 41D34EC42339DF090096188B /* RxSwift.framework */; };
		41D34EC92339DF140096188B /* RxCocoa.framework in Frameworks */ = {isa = PBXBuildFile; fileRef = 41D34EC82339DF140096188B /* RxCocoa.framework */; };
		41D34ED22339E7C80096188B /* RxRelay.framework in Frameworks */ = {isa = PBXBuildFile; fileRef = 41D34ED12339E7C80096188B /* RxRelay.framework */; };
		41D77CD52359AC4800C0C860 /* Resource.swift in Sources */ = {isa = PBXBuildFile; fileRef = 41D77CD42359AC4800C0C860 /* Resource.swift */; };
		41D77CD72359AC7E00C0C860 /* ResourceObject.swift in Sources */ = {isa = PBXBuildFile; fileRef = 41D77CD62359AC7E00C0C860 /* ResourceObject.swift */; };
		41EA9C102334D86700552D40 /* UICollectionView+Extensions.swift in Sources */ = {isa = PBXBuildFile; fileRef = 41EA9C0F2334D86700552D40 /* UICollectionView+Extensions.swift */; };
		41EA9C282334F57600552D40 /* NSObject+Extensions.swift in Sources */ = {isa = PBXBuildFile; fileRef = 41EA9C272334F57600552D40 /* NSObject+Extensions.swift */; };
		41F46B8B23404DBE00606D7B /* JsonUtility.swift in Sources */ = {isa = PBXBuildFile; fileRef = 41F46B8A23404DBE00606D7B /* JsonUtility.swift */; };
		41F46B8E2340502B00606D7B /* WorkObject.swift in Sources */ = {isa = PBXBuildFile; fileRef = 41F46B8D2340502B00606D7B /* WorkObject.swift */; };
		8A6804A723503B3D0059019D /* SnapKit.framework in Frameworks */ = {isa = PBXBuildFile; fileRef = 8A6804A623503B3D0059019D /* SnapKit.framework */; };
		8A6804AB235040290059019D /* UIColor+Extensions.swift in Sources */ = {isa = PBXBuildFile; fileRef = 8A6804AA235040290059019D /* UIColor+Extensions.swift */; };
		8A6804AF23521A4A0059019D /* WorkCollectionHeaderView.swift in Sources */ = {isa = PBXBuildFile; fileRef = 8A6804AE23521A4A0059019D /* WorkCollectionHeaderView.swift */; };
		8A6804B523527B890059019D /* UIFont+Extensions.swift in Sources */ = {isa = PBXBuildFile; fileRef = 8A6804B423527B890059019D /* UIFont+Extensions.swift */; };
		8A6804BB2354E1E70059019D /* UIButton+Custom.swift in Sources */ = {isa = PBXBuildFile; fileRef = 8A6804BA2354E1E70059019D /* UIButton+Custom.swift */; };
/* End PBXBuildFile section */

/* Begin PBXContainerItemProxy section */
		41C1E80B23406D07003B708D /* PBXContainerItemProxy */ = {
			isa = PBXContainerItemProxy;
			containerPortal = 4186ADD223324192002F6A4C /* Project object */;
			proxyType = 1;
			remoteGlobalIDString = 4186ADD923324192002F6A4C;
			remoteInfo = ExhibitionApp;
		};
/* End PBXContainerItemProxy section */

/* Begin PBXFileReference section */
		4103C4E22355F2F7000918EB /* WorkCollectionHeaderViewModel.swift */ = {isa = PBXFileReference; lastKnownFileType = sourcecode.swift; path = WorkCollectionHeaderViewModel.swift; sourceTree = "<group>"; };
		410E1C07234EC6940088C71A /* LoadingViewController.storyboard */ = {isa = PBXFileReference; lastKnownFileType = file.storyboard; path = LoadingViewController.storyboard; sourceTree = "<group>"; };
		410E1C09234EC6B10088C71A /* LoadingViewController.swift */ = {isa = PBXFileReference; lastKnownFileType = sourcecode.swift; path = LoadingViewController.swift; sourceTree = "<group>"; };
		411A16A22340E3C000644A61 /* HyperionCore.framework */ = {isa = PBXFileReference; lastKnownFileType = wrapper.framework; name = HyperionCore.framework; path = Carthage/Build/iOS/HyperionCore.framework; sourceTree = "<group>"; };
		411A16A62340E3D000644A61 /* AttributesInspector.framework */ = {isa = PBXFileReference; lastKnownFileType = wrapper.framework; name = AttributesInspector.framework; path = Carthage/Build/iOS/AttributesInspector.framework; sourceTree = "<group>"; };
		41222D012340452000F5EFE9 /* Work.swift */ = {isa = PBXFileReference; lastKnownFileType = sourcecode.swift; path = Work.swift; sourceTree = "<group>"; };
		41222D032340484600F5EFE9 /* UserData.swift */ = {isa = PBXFileReference; lastKnownFileType = sourcecode.swift; path = UserData.swift; sourceTree = "<group>"; };
		41270EAD233B291C00B88732 /* Array+Extensions.swift */ = {isa = PBXFileReference; lastKnownFileType = sourcecode.swift; path = "Array+Extensions.swift"; sourceTree = "<group>"; };
		41456D6123559AFE0077309C /* AssetsManager.swift */ = {isa = PBXFileReference; lastKnownFileType = sourcecode.swift; path = AssetsManager.swift; sourceTree = "<group>"; };
		41481F4023438129004E2EB2 /* GoogleService-Info.plist */ = {isa = PBXFileReference; fileEncoding = 4; lastKnownFileType = text.plist.xml; path = "GoogleService-Info.plist"; sourceTree = "<group>"; };
		41481F452343873D004E2EB2 /* nanopb.framework */ = {isa = PBXFileReference; lastKnownFileType = wrapper.framework; name = nanopb.framework; path = Carthage/Build/iOS/nanopb.framework; sourceTree = "<group>"; };
		41481F462343873D004E2EB2 /* FirebaseCoreDiagnostics.framework */ = {isa = PBXFileReference; lastKnownFileType = wrapper.framework; name = FirebaseCoreDiagnostics.framework; path = Carthage/Build/iOS/FirebaseCoreDiagnostics.framework; sourceTree = "<group>"; };
		41481F472343873D004E2EB2 /* FirebaseAnalytics.framework */ = {isa = PBXFileReference; lastKnownFileType = wrapper.framework; name = FirebaseAnalytics.framework; path = Carthage/Build/iOS/FirebaseAnalytics.framework; sourceTree = "<group>"; };
		41481F482343873D004E2EB2 /* GTMSessionFetcher.framework */ = {isa = PBXFileReference; lastKnownFileType = wrapper.framework; name = GTMSessionFetcher.framework; path = Carthage/Build/iOS/GTMSessionFetcher.framework; sourceTree = "<group>"; };
		41481F492343873D004E2EB2 /* leveldb-library.framework */ = {isa = PBXFileReference; lastKnownFileType = wrapper.framework; name = "leveldb-library.framework"; path = "Carthage/Build/iOS/leveldb-library.framework"; sourceTree = "<group>"; };
		41481F4A2343873D004E2EB2 /* FirebaseFirestore.framework */ = {isa = PBXFileReference; lastKnownFileType = wrapper.framework; name = FirebaseFirestore.framework; path = Carthage/Build/iOS/FirebaseFirestore.framework; sourceTree = "<group>"; };
		41481F4B2343873D004E2EB2 /* gRPC-C++.framework */ = {isa = PBXFileReference; lastKnownFileType = wrapper.framework; name = "gRPC-C++.framework"; path = "Carthage/Build/iOS/gRPC-C++.framework"; sourceTree = "<group>"; };
		41481F4C2343873D004E2EB2 /* GoogleUtilities.framework */ = {isa = PBXFileReference; lastKnownFileType = wrapper.framework; name = GoogleUtilities.framework; path = Carthage/Build/iOS/GoogleUtilities.framework; sourceTree = "<group>"; };
		41481F4D2343873D004E2EB2 /* FirebaseStorage.framework */ = {isa = PBXFileReference; lastKnownFileType = wrapper.framework; name = FirebaseStorage.framework; path = Carthage/Build/iOS/FirebaseStorage.framework; sourceTree = "<group>"; };
		41481F4E2343873D004E2EB2 /* GoogleAppMeasurement.framework */ = {isa = PBXFileReference; lastKnownFileType = wrapper.framework; name = GoogleAppMeasurement.framework; path = Carthage/Build/iOS/GoogleAppMeasurement.framework; sourceTree = "<group>"; };
		41481F4F2343873E004E2EB2 /* BoringSSL-GRPC.framework */ = {isa = PBXFileReference; lastKnownFileType = wrapper.framework; name = "BoringSSL-GRPC.framework"; path = "Carthage/Build/iOS/BoringSSL-GRPC.framework"; sourceTree = "<group>"; };
		41481F502343873E004E2EB2 /* GoogleDataTransportCCTSupport.framework */ = {isa = PBXFileReference; lastKnownFileType = wrapper.framework; name = GoogleDataTransportCCTSupport.framework; path = Carthage/Build/iOS/GoogleDataTransportCCTSupport.framework; sourceTree = "<group>"; };
		41481F512343873E004E2EB2 /* FIRAnalyticsConnector.framework */ = {isa = PBXFileReference; lastKnownFileType = wrapper.framework; name = FIRAnalyticsConnector.framework; path = Carthage/Build/iOS/FIRAnalyticsConnector.framework; sourceTree = "<group>"; };
		41481F522343873E004E2EB2 /* Protobuf.framework */ = {isa = PBXFileReference; lastKnownFileType = wrapper.framework; name = Protobuf.framework; path = Carthage/Build/iOS/Protobuf.framework; sourceTree = "<group>"; };
		41481F532343873E004E2EB2 /* GoogleDataTransport.framework */ = {isa = PBXFileReference; lastKnownFileType = wrapper.framework; name = GoogleDataTransport.framework; path = Carthage/Build/iOS/GoogleDataTransport.framework; sourceTree = "<group>"; };
		41481F542343873E004E2EB2 /* FirebaseCore.framework */ = {isa = PBXFileReference; lastKnownFileType = wrapper.framework; name = FirebaseCore.framework; path = Carthage/Build/iOS/FirebaseCore.framework; sourceTree = "<group>"; };
		41481F552343873E004E2EB2 /* gRPC-Core.framework */ = {isa = PBXFileReference; lastKnownFileType = wrapper.framework; name = "gRPC-Core.framework"; path = "Carthage/Build/iOS/gRPC-Core.framework"; sourceTree = "<group>"; };
		41481F562343873E004E2EB2 /* FirebaseInstanceID.framework */ = {isa = PBXFileReference; lastKnownFileType = wrapper.framework; name = FirebaseInstanceID.framework; path = Carthage/Build/iOS/FirebaseInstanceID.framework; sourceTree = "<group>"; };
		41481F572343873E004E2EB2 /* FirebaseAuth.framework */ = {isa = PBXFileReference; lastKnownFileType = wrapper.framework; name = FirebaseAuth.framework; path = Carthage/Build/iOS/FirebaseAuth.framework; sourceTree = "<group>"; };
		41481F7F234387C8004E2EB2 /* gRPCCertificates-Cpp.bundle */ = {isa = PBXFileReference; lastKnownFileType = "wrapper.plug-in"; name = "gRPCCertificates-Cpp.bundle"; path = "Carthage/Build/iOS/gRPC-C++.framework/Resources/gRPCCertificates-Cpp.bundle"; sourceTree = "<group>"; };
		41481F812343892C004E2EB2 /* libsqlite3.tbd */ = {isa = PBXFileReference; lastKnownFileType = "sourcecode.text-based-dylib-definition"; name = libsqlite3.tbd; path = usr/lib/libsqlite3.tbd; sourceTree = SDKROOT; };
		41481F822343893E004E2EB2 /* libc++.tbd */ = {isa = PBXFileReference; lastKnownFileType = "sourcecode.text-based-dylib-definition"; name = "libc++.tbd"; path = "usr/lib/libc++.tbd"; sourceTree = SDKROOT; };
		41481F8323438949004E2EB2 /* StoreKit.framework */ = {isa = PBXFileReference; lastKnownFileType = wrapper.framework; name = StoreKit.framework; path = System/Library/Frameworks/StoreKit.framework; sourceTree = SDKROOT; };
		41481F88234389AF004E2EB2 /* FirebaseService.swift */ = {isa = PBXFileReference; lastKnownFileType = sourcecode.swift; path = FirebaseService.swift; sourceTree = "<group>"; };
		41481F8A234390C8004E2EB2 /* Hydra.framework */ = {isa = PBXFileReference; lastKnownFileType = wrapper.framework; name = Hydra.framework; path = Carthage/Build/iOS/Hydra.framework; sourceTree = "<group>"; };
		414F0E5323446C100013F833 /* Firestore+Extensions.swift */ = {isa = PBXFileReference; lastKnownFileType = sourcecode.swift; path = "Firestore+Extensions.swift"; sourceTree = "<group>"; };
		414F0E5523446D990013F833 /* Kingfisher.framework */ = {isa = PBXFileReference; lastKnownFileType = wrapper.framework; name = Kingfisher.framework; path = Carthage/Build/iOS/Kingfisher.framework; sourceTree = "<group>"; };
		414F0E5923446E2D0013F833 /* CodableFirebase.framework */ = {isa = PBXFileReference; lastKnownFileType = wrapper.framework; name = CodableFirebase.framework; path = Carthage/Build/iOS/CodableFirebase.framework; sourceTree = "<group>"; };
		414F0E5F234488F20013F833 /* SubscriptionToken.swift */ = {isa = PBXFileReference; lastKnownFileType = sourcecode.swift; path = SubscriptionToken.swift; sourceTree = "<group>"; };
		414F0E6423448FA70013F833 /* WorkTests.swift */ = {isa = PBXFileReference; lastKnownFileType = sourcecode.swift; path = WorkTests.swift; sourceTree = "<group>"; };
		414F0E66234490400013F833 /* ExhibitionAppTests-Bridging-Header.h */ = {isa = PBXFileReference; lastKnownFileType = sourcecode.c.h; path = "ExhibitionAppTests-Bridging-Header.h"; sourceTree = "<group>"; };
		41647D87234745670021A2E3 /* ScanningViewModel.swift */ = {isa = PBXFileReference; lastKnownFileType = sourcecode.swift; path = ScanningViewModel.swift; sourceTree = "<group>"; };
		41647D8A2347458B0021A2E3 /* SharingViewModel.swift */ = {isa = PBXFileReference; lastKnownFileType = sourcecode.swift; path = SharingViewModel.swift; sourceTree = "<group>"; };
		416C2129234723A100648C0A /* TopPageViewController.storyboard */ = {isa = PBXFileReference; lastKnownFileType = file.storyboard; path = TopPageViewController.storyboard; sourceTree = "<group>"; };
		416C212B2347240200648C0A /* TopPageViewController.swift */ = {isa = PBXFileReference; lastKnownFileType = sourcecode.swift; path = TopPageViewController.swift; sourceTree = "<group>"; };
		416C2130234724D500648C0A /* HistoryViewController.swift */ = {isa = PBXFileReference; lastKnownFileType = sourcecode.swift; path = HistoryViewController.swift; sourceTree = "<group>"; };
		416C21322347256A00648C0A /* WorkCollectionViewCell.swift */ = {isa = PBXFileReference; lastKnownFileType = sourcecode.swift; path = WorkCollectionViewCell.swift; sourceTree = "<group>"; };
		416C2137234725C100648C0A /* LaunchScanningViewController.storyboard */ = {isa = PBXFileReference; lastKnownFileType = file.storyboard; path = LaunchScanningViewController.storyboard; sourceTree = "<group>"; };
		416C2139234725DD00648C0A /* LaunchScanningViewController.swift */ = {isa = PBXFileReference; lastKnownFileType = sourcecode.swift; path = LaunchScanningViewController.swift; sourceTree = "<group>"; };
		416C213C2347261B00648C0A /* ScanningViewController.storyboard */ = {isa = PBXFileReference; lastKnownFileType = file.storyboard; path = ScanningViewController.storyboard; sourceTree = "<group>"; };
		416C213E2347264100648C0A /* ScanningViewController.swift */ = {isa = PBXFileReference; lastKnownFileType = sourcecode.swift; path = ScanningViewController.swift; sourceTree = "<group>"; };
		416E580D2357587B004A1B30 /* LoadingViewModel.swift */ = {isa = PBXFileReference; lastKnownFileType = sourcecode.swift; path = LoadingViewModel.swift; sourceTree = "<group>"; };
		4176FAE72340509B0025B470 /* UserDataObject.swift */ = {isa = PBXFileReference; lastKnownFileType = sourcecode.swift; path = UserDataObject.swift; sourceTree = "<group>"; };
		4186ADDA23324192002F6A4C /* ExhibitionApp.app */ = {isa = PBXFileReference; explicitFileType = wrapper.application; includeInIndex = 0; path = ExhibitionApp.app; sourceTree = BUILT_PRODUCTS_DIR; };
		4186ADDD23324192002F6A4C /* AppDelegate.swift */ = {isa = PBXFileReference; lastKnownFileType = sourcecode.swift; path = AppDelegate.swift; sourceTree = "<group>"; };
		4186ADDF23324192002F6A4C /* art.scnassets */ = {isa = PBXFileReference; lastKnownFileType = wrapper.scnassets; path = art.scnassets; sourceTree = "<group>"; };
		4186ADE623324194002F6A4C /* Assets.xcassets */ = {isa = PBXFileReference; lastKnownFileType = folder.assetcatalog; path = Assets.xcassets; sourceTree = "<group>"; };
		4186ADE923324194002F6A4C /* Base */ = {isa = PBXFileReference; lastKnownFileType = file.storyboard; name = Base; path = Base.lproj/LaunchScreen.storyboard; sourceTree = "<group>"; };
		4186ADEB23324194002F6A4C /* Info.plist */ = {isa = PBXFileReference; lastKnownFileType = text.plist.xml; path = Info.plist; sourceTree = "<group>"; };
		4186ADF6233254FB002F6A4C /* UIImage+Extensions.swift */ = {isa = PBXFileReference; fileEncoding = 4; lastKnownFileType = sourcecode.swift; path = "UIImage+Extensions.swift"; sourceTree = "<group>"; };
		4186ADF9233254FB002F6A4C /* UIViewController+Extensions.swift */ = {isa = PBXFileReference; fileEncoding = 4; lastKnownFileType = sourcecode.swift; path = "UIViewController+Extensions.swift"; sourceTree = "<group>"; };
		4186ADFA233254FB002F6A4C /* UITableView+Extensions.swift */ = {isa = PBXFileReference; fileEncoding = 4; lastKnownFileType = sourcecode.swift; path = "UITableView+Extensions.swift"; sourceTree = "<group>"; };
		4186AE082332553F002F6A4C /* Injectable.swift */ = {isa = PBXFileReference; fileEncoding = 4; lastKnownFileType = sourcecode.swift; path = Injectable.swift; sourceTree = "<group>"; };
		418E40C82352FB1100322B6A /* SnapKit+Extensions.swift */ = {isa = PBXFileReference; lastKnownFileType = sourcecode.swift; path = "SnapKit+Extensions.swift"; sourceTree = "<group>"; };
		418FDBDB2352E77300E57D51 /* HistoryViewModel.swift */ = {isa = PBXFileReference; lastKnownFileType = sourcecode.swift; path = HistoryViewModel.swift; sourceTree = "<group>"; };
		41907CA8233F19EC00C54253 /* DataStore.swift */ = {isa = PBXFileReference; lastKnownFileType = sourcecode.swift; path = DataStore.swift; sourceTree = "<group>"; };
		41A3C7AD233E6C7C008C797A /* Realm.framework */ = {isa = PBXFileReference; lastKnownFileType = wrapper.framework; name = Realm.framework; path = Carthage/Build/iOS/Realm.framework; sourceTree = "<group>"; };
		41A3C7AF233E6C86008C797A /* RealmSwift.framework */ = {isa = PBXFileReference; lastKnownFileType = wrapper.framework; name = RealmSwift.framework; path = Carthage/Build/iOS/RealmSwift.framework; sourceTree = "<group>"; };
		41A596A823334179008DA6AF /* LabelNode.swift */ = {isa = PBXFileReference; lastKnownFileType = sourcecode.swift; path = LabelNode.swift; sourceTree = "<group>"; };
		41B589EB2347279800C4BB45 /* SharingViewController.swift */ = {isa = PBXFileReference; lastKnownFileType = sourcecode.swift; path = SharingViewController.swift; sourceTree = "<group>"; };
		41B58A1223473A5D00C4BB45 /* WorkCollectionViewCell.xib */ = {isa = PBXFileReference; fileEncoding = 4; lastKnownFileType = file.xib; path = WorkCollectionViewCell.xib; sourceTree = "<group>"; };
		41B58A172347425200C4BB45 /* WorkCollectionViewCellModel.swift */ = {isa = PBXFileReference; lastKnownFileType = sourcecode.swift; path = WorkCollectionViewCellModel.swift; sourceTree = "<group>"; };
		41B5BB222344F27700A274C7 /* String+Extensions.swift */ = {isa = PBXFileReference; lastKnownFileType = sourcecode.swift; path = "String+Extensions.swift"; sourceTree = "<group>"; };
		41B5BB242344F48700A274C7 /* UIView+Extensions.swift */ = {isa = PBXFileReference; lastKnownFileType = sourcecode.swift; path = "UIView+Extensions.swift"; sourceTree = "<group>"; };
		41B5BB262344F4BE00A274C7 /* UIApplication+Extensions.swift */ = {isa = PBXFileReference; lastKnownFileType = sourcecode.swift; path = "UIApplication+Extensions.swift"; sourceTree = "<group>"; };
		41B9AEB42367F64200CA1997 /* System.swift */ = {isa = PBXFileReference; lastKnownFileType = sourcecode.swift; path = System.swift; sourceTree = "<group>"; };
		41B9AEB82367FDEC00CA1997 /* AssetsManagerTests.swift */ = {isa = PBXFileReference; lastKnownFileType = sourcecode.swift; path = AssetsManagerTests.swift; sourceTree = "<group>"; };
		41B9AEBA2368022200CA1997 /* UserDataTests.swift */ = {isa = PBXFileReference; lastKnownFileType = sourcecode.swift; path = UserDataTests.swift; sourceTree = "<group>"; };
		41C1E80623406D07003B708D /* ExhibitionAppTests.xctest */ = {isa = PBXFileReference; explicitFileType = wrapper.cfbundle; includeInIndex = 0; path = ExhibitionAppTests.xctest; sourceTree = BUILT_PRODUCTS_DIR; };
		41C1E80A23406D07003B708D /* Info.plist */ = {isa = PBXFileReference; lastKnownFileType = text.plist.xml; path = Info.plist; sourceTree = "<group>"; };
		41D34EC42339DF090096188B /* RxSwift.framework */ = {isa = PBXFileReference; lastKnownFileType = wrapper.framework; name = RxSwift.framework; path = Carthage/Build/iOS/RxSwift.framework; sourceTree = "<group>"; };
		41D34EC82339DF140096188B /* RxCocoa.framework */ = {isa = PBXFileReference; lastKnownFileType = wrapper.framework; name = RxCocoa.framework; path = Carthage/Build/iOS/RxCocoa.framework; sourceTree = "<group>"; };
		41D34ED12339E7C80096188B /* RxRelay.framework */ = {isa = PBXFileReference; lastKnownFileType = wrapper.framework; name = RxRelay.framework; path = Carthage/Build/iOS/RxRelay.framework; sourceTree = "<group>"; };
		41D77CD42359AC4800C0C860 /* Resource.swift */ = {isa = PBXFileReference; lastKnownFileType = sourcecode.swift; path = Resource.swift; sourceTree = "<group>"; };
		41D77CD62359AC7E00C0C860 /* ResourceObject.swift */ = {isa = PBXFileReference; lastKnownFileType = sourcecode.swift; path = ResourceObject.swift; sourceTree = "<group>"; };
		41EA9C0F2334D86700552D40 /* UICollectionView+Extensions.swift */ = {isa = PBXFileReference; lastKnownFileType = sourcecode.swift; path = "UICollectionView+Extensions.swift"; sourceTree = "<group>"; };
		41EA9C272334F57600552D40 /* NSObject+Extensions.swift */ = {isa = PBXFileReference; lastKnownFileType = sourcecode.swift; path = "NSObject+Extensions.swift"; sourceTree = "<group>"; };
		41F46B8A23404DBE00606D7B /* JsonUtility.swift */ = {isa = PBXFileReference; lastKnownFileType = sourcecode.swift; path = JsonUtility.swift; sourceTree = "<group>"; };
		41F46B8D2340502B00606D7B /* WorkObject.swift */ = {isa = PBXFileReference; lastKnownFileType = sourcecode.swift; path = WorkObject.swift; sourceTree = "<group>"; };
		8A6804A623503B3D0059019D /* SnapKit.framework */ = {isa = PBXFileReference; lastKnownFileType = wrapper.framework; name = SnapKit.framework; path = Carthage/Build/iOS/SnapKit.framework; sourceTree = "<group>"; };
		8A6804AA235040290059019D /* UIColor+Extensions.swift */ = {isa = PBXFileReference; lastKnownFileType = sourcecode.swift; path = "UIColor+Extensions.swift"; sourceTree = "<group>"; };
		8A6804AE23521A4A0059019D /* WorkCollectionHeaderView.swift */ = {isa = PBXFileReference; lastKnownFileType = sourcecode.swift; path = WorkCollectionHeaderView.swift; sourceTree = "<group>"; };
		8A6804B423527B890059019D /* UIFont+Extensions.swift */ = {isa = PBXFileReference; lastKnownFileType = sourcecode.swift; path = "UIFont+Extensions.swift"; sourceTree = "<group>"; };
		8A6804BA2354E1E70059019D /* UIButton+Custom.swift */ = {isa = PBXFileReference; lastKnownFileType = sourcecode.swift; path = "UIButton+Custom.swift"; sourceTree = "<group>"; };
/* End PBXFileReference section */

/* Begin PBXFrameworksBuildPhase section */
		4186ADD723324192002F6A4C /* Frameworks */ = {
			isa = PBXFrameworksBuildPhase;
			buildActionMask = 2147483647;
			files = (
				414F0E5A23446E2D0013F833 /* CodableFirebase.framework in Frameworks */,
				411A16A72340E3D000644A61 /* AttributesInspector.framework in Frameworks */,
				41A3C7B0233E6C86008C797A /* RealmSwift.framework in Frameworks */,
				41481F6A2343873E004E2EB2 /* GoogleAppMeasurement.framework in Frameworks */,
				41481F6C2343873E004E2EB2 /* BoringSSL-GRPC.framework in Frameworks */,
				41481F702343873E004E2EB2 /* FIRAnalyticsConnector.framework in Frameworks */,
				41481F742343873E004E2EB2 /* GoogleDataTransport.framework in Frameworks */,
				41481F8B234390C8004E2EB2 /* Hydra.framework in Frameworks */,
				41481F862343896E004E2EB2 /* libc++.tbd in Frameworks */,
				41A3C7AE233E6C7C008C797A /* Realm.framework in Frameworks */,
				41481F8523438966004E2EB2 /* libsqlite3.tbd in Frameworks */,
				41D34EC92339DF140096188B /* RxCocoa.framework in Frameworks */,
				41481F5E2343873E004E2EB2 /* GTMSessionFetcher.framework in Frameworks */,
				41481F7C2343873F004E2EB2 /* FirebaseAuth.framework in Frameworks */,
				41481F582343873E004E2EB2 /* nanopb.framework in Frameworks */,
				41D34EC52339DF090096188B /* RxSwift.framework in Frameworks */,
				41481F682343873E004E2EB2 /* FirebaseStorage.framework in Frameworks */,
				41D34ED22339E7C80096188B /* RxRelay.framework in Frameworks */,
				41481F5A2343873E004E2EB2 /* FirebaseCoreDiagnostics.framework in Frameworks */,
				41481F8423438949004E2EB2 /* StoreKit.framework in Frameworks */,
				41481F622343873E004E2EB2 /* FirebaseFirestore.framework in Frameworks */,
				8A6804A723503B3D0059019D /* SnapKit.framework in Frameworks */,
				41481F5C2343873E004E2EB2 /* FirebaseAnalytics.framework in Frameworks */,
				41481F782343873F004E2EB2 /* gRPC-Core.framework in Frameworks */,
				41481F7A2343873F004E2EB2 /* FirebaseInstanceID.framework in Frameworks */,
				41481F722343873E004E2EB2 /* Protobuf.framework in Frameworks */,
				411A16A32340E3C000644A61 /* HyperionCore.framework in Frameworks */,
				41481F602343873E004E2EB2 /* leveldb-library.framework in Frameworks */,
				41481F762343873F004E2EB2 /* FirebaseCore.framework in Frameworks */,
				41481F662343873E004E2EB2 /* GoogleUtilities.framework in Frameworks */,
				41481F6E2343873E004E2EB2 /* GoogleDataTransportCCTSupport.framework in Frameworks */,
				41481F642343873E004E2EB2 /* gRPC-C++.framework in Frameworks */,
			);
			runOnlyForDeploymentPostprocessing = 0;
		};
		41C1E80323406D07003B708D /* Frameworks */ = {
			isa = PBXFrameworksBuildPhase;
			buildActionMask = 2147483647;
			files = (
			);
			runOnlyForDeploymentPostprocessing = 0;
		};
/* End PBXFrameworksBuildPhase section */

/* Begin PBXGroup section */
		410E1C06234EC6580088C71A /* LoadingViewController */ = {
			isa = PBXGroup;
			children = (
				410E1C07234EC6940088C71A /* LoadingViewController.storyboard */,
				410E1C09234EC6B10088C71A /* LoadingViewController.swift */,
			);
			path = LoadingViewController;
			sourceTree = "<group>";
		};
		41481F872343899D004E2EB2 /* APIs */ = {
			isa = PBXGroup;
			children = (
				41481F88234389AF004E2EB2 /* FirebaseService.swift */,
			);
			path = APIs;
			sourceTree = "<group>";
		};
		41647D86234745560021A2E3 /* ScanningViewModel */ = {
			isa = PBXGroup;
			children = (
				41647D87234745670021A2E3 /* ScanningViewModel.swift */,
			);
			path = ScanningViewModel;
			sourceTree = "<group>";
		};
		41647D89234745780021A2E3 /* SharingViewModel */ = {
			isa = PBXGroup;
			children = (
				41647D8A2347458B0021A2E3 /* SharingViewModel.swift */,
			);
			path = SharingViewModel;
			sourceTree = "<group>";
		};
		416C21282347236200648C0A /* TopPageViewController */ = {
			isa = PBXGroup;
			children = (
				416C2129234723A100648C0A /* TopPageViewController.storyboard */,
				416C212B2347240200648C0A /* TopPageViewController.swift */,
			);
			path = TopPageViewController;
			sourceTree = "<group>";
		};
		416C212D2347244500648C0A /* HistoryViewController */ = {
			isa = PBXGroup;
			children = (
				418FDBDA2352E6F900E57D51 /* WorkCollectionView */,
				416C2130234724D500648C0A /* HistoryViewController.swift */,
			);
			path = HistoryViewController;
			sourceTree = "<group>";
		};
		416C21362347258700648C0A /* LaunchScanningViewController */ = {
			isa = PBXGroup;
			children = (
				416C2137234725C100648C0A /* LaunchScanningViewController.storyboard */,
				416C2139234725DD00648C0A /* LaunchScanningViewController.swift */,
			);
			path = LaunchScanningViewController;
			sourceTree = "<group>";
		};
		416C213B234725FD00648C0A /* ScanningViewController */ = {
			isa = PBXGroup;
			children = (
				416C213C2347261B00648C0A /* ScanningViewController.storyboard */,
				416C213E2347264100648C0A /* ScanningViewController.swift */,
			);
			path = ScanningViewController;
			sourceTree = "<group>";
		};
		416E580C2357586C004A1B30 /* LoadingViewModel */ = {
			isa = PBXGroup;
			children = (
				416E580D2357587B004A1B30 /* LoadingViewModel.swift */,
			);
			path = LoadingViewModel;
			sourceTree = "<group>";
		};
		4186ADD123324192002F6A4C = {
			isa = PBXGroup;
			children = (
				41481F7F234387C8004E2EB2 /* gRPCCertificates-Cpp.bundle */,
				4186ADDC23324192002F6A4C /* ExhibitionApp */,
				41C1E80723406D07003B708D /* ExhibitionAppTests */,
				4186ADDB23324192002F6A4C /* Products */,
				41D34EC32339DF080096188B /* Frameworks */,
			);
			sourceTree = "<group>";
		};
		4186ADDB23324192002F6A4C /* Products */ = {
			isa = PBXGroup;
			children = (
				4186ADDA23324192002F6A4C /* ExhibitionApp.app */,
				41C1E80623406D07003B708D /* ExhibitionAppTests.xctest */,
			);
			name = Products;
			sourceTree = "<group>";
		};
		4186ADDC23324192002F6A4C /* ExhibitionApp */ = {
			isa = PBXGroup;
			children = (
				41481F872343899D004E2EB2 /* APIs */,
				41F46B8923404D8200606D7B /* Commons */,
				41A596A423333EDD008DA6AF /* Models */,
				41D34EBD2339CEBB0096188B /* ViewModels */,
				4186AE0A233256FF002F6A4C /* Views */,
				41A596A723334167008DA6AF /* SceneNodes */,
				4186AE0723325533002F6A4C /* Protocols */,
				4186ADF5233254D3002F6A4C /* Extensions */,
				4186ADDD23324192002F6A4C /* AppDelegate.swift */,
				4186ADDF23324192002F6A4C /* art.scnassets */,
				4186ADE623324194002F6A4C /* Assets.xcassets */,
				4186ADE823324194002F6A4C /* LaunchScreen.storyboard */,
				4186ADEB23324194002F6A4C /* Info.plist */,
				41481F4023438129004E2EB2 /* GoogleService-Info.plist */,
			);
			path = ExhibitionApp;
			sourceTree = "<group>";
		};
		4186ADF5233254D3002F6A4C /* Extensions */ = {
			isa = PBXGroup;
			children = (
				4186ADF6233254FB002F6A4C /* UIImage+Extensions.swift */,
				4186ADFA233254FB002F6A4C /* UITableView+Extensions.swift */,
				41EA9C0F2334D86700552D40 /* UICollectionView+Extensions.swift */,
				41EA9C272334F57600552D40 /* NSObject+Extensions.swift */,
				4186ADF9233254FB002F6A4C /* UIViewController+Extensions.swift */,
				41270EAD233B291C00B88732 /* Array+Extensions.swift */,
				414F0E5323446C100013F833 /* Firestore+Extensions.swift */,
				41B5BB222344F27700A274C7 /* String+Extensions.swift */,
				41B5BB242344F48700A274C7 /* UIView+Extensions.swift */,
				41B5BB262344F4BE00A274C7 /* UIApplication+Extensions.swift */,
				8A6804AA235040290059019D /* UIColor+Extensions.swift */,
				8A6804B423527B890059019D /* UIFont+Extensions.swift */,
				418E40C82352FB1100322B6A /* SnapKit+Extensions.swift */,
				8A6804BA2354E1E70059019D /* UIButton+Custom.swift */,
			);
			path = Extensions;
			sourceTree = "<group>";
		};
		4186AE0723325533002F6A4C /* Protocols */ = {
			isa = PBXGroup;
			children = (
				4186AE082332553F002F6A4C /* Injectable.swift */,
			);
			path = Protocols;
			sourceTree = "<group>";
		};
		4186AE0A233256FF002F6A4C /* Views */ = {
			isa = PBXGroup;
			children = (
				410E1C06234EC6580088C71A /* LoadingViewController */,
				416C21282347236200648C0A /* TopPageViewController */,
				416C212D2347244500648C0A /* HistoryViewController */,
				416C21362347258700648C0A /* LaunchScanningViewController */,
				416C213B234725FD00648C0A /* ScanningViewController */,
				41B589E82347275900C4BB45 /* SharingViewController */,
			);
			path = Views;
			sourceTree = "<group>";
		};
		418FDBDA2352E6F900E57D51 /* WorkCollectionView */ = {
			isa = PBXGroup;
			children = (
				8A6804AE23521A4A0059019D /* WorkCollectionHeaderView.swift */,
				41B58A1223473A5D00C4BB45 /* WorkCollectionViewCell.xib */,
				416C21322347256A00648C0A /* WorkCollectionViewCell.swift */,
			);
			path = WorkCollectionView;
			sourceTree = "<group>";
		};
		418FDBDD2352E77700E57D51 /* WorkCollectionViewModel */ = {
			isa = PBXGroup;
			children = (
				41B58A172347425200C4BB45 /* WorkCollectionViewCellModel.swift */,
				4103C4E22355F2F7000918EB /* WorkCollectionHeaderViewModel.swift */,
			);
			path = WorkCollectionViewModel;
			sourceTree = "<group>";
		};
		41A596A423333EDD008DA6AF /* Models */ = {
			isa = PBXGroup;
			children = (
				41F46B8C23404FF400606D7B /* RealmObjects */,
				41907CA8233F19EC00C54253 /* DataStore.swift */,
				41222D012340452000F5EFE9 /* Work.swift */,
				41222D032340484600F5EFE9 /* UserData.swift */,
				41D77CD42359AC4800C0C860 /* Resource.swift */,
			);
			path = Models;
			sourceTree = "<group>";
		};
		41A596A723334167008DA6AF /* SceneNodes */ = {
			isa = PBXGroup;
			children = (
				41A596A823334179008DA6AF /* LabelNode.swift */,
			);
			path = SceneNodes;
			sourceTree = "<group>";
		};
		41B589E82347275900C4BB45 /* SharingViewController */ = {
			isa = PBXGroup;
			children = (
				41B589EB2347279800C4BB45 /* SharingViewController.swift */,
			);
			path = SharingViewController;
			sourceTree = "<group>";
		};
		41B58A14234741DB00C4BB45 /* HistoryViewModel */ = {
			isa = PBXGroup;
			children = (
				418FDBDD2352E77700E57D51 /* WorkCollectionViewModel */,
				418FDBDB2352E77300E57D51 /* HistoryViewModel.swift */,
			);
			path = HistoryViewModel;
			sourceTree = "<group>";
		};
		41C1E80723406D07003B708D /* ExhibitionAppTests */ = {
			isa = PBXGroup;
			children = (
				41C1E80A23406D07003B708D /* Info.plist */,
				414F0E66234490400013F833 /* ExhibitionAppTests-Bridging-Header.h */,
				41B9AEB82367FDEC00CA1997 /* AssetsManagerTests.swift */,
				414F0E6423448FA70013F833 /* WorkTests.swift */,
				41B9AEBA2368022200CA1997 /* UserDataTests.swift */,
			);
			path = ExhibitionAppTests;
			sourceTree = "<group>";
		};
		41D34EBD2339CEBB0096188B /* ViewModels */ = {
			isa = PBXGroup;
			children = (
				416E580C2357586C004A1B30 /* LoadingViewModel */,
				41647D89234745780021A2E3 /* SharingViewModel */,
				41647D86234745560021A2E3 /* ScanningViewModel */,
				41B58A14234741DB00C4BB45 /* HistoryViewModel */,
			);
			path = ViewModels;
			sourceTree = "<group>";
		};
		41D34EC32339DF080096188B /* Frameworks */ = {
			isa = PBXGroup;
			children = (
				8A6804A623503B3D0059019D /* SnapKit.framework */,
				414F0E5923446E2D0013F833 /* CodableFirebase.framework */,
				414F0E5523446D990013F833 /* Kingfisher.framework */,
				41481F8A234390C8004E2EB2 /* Hydra.framework */,
				41481F8323438949004E2EB2 /* StoreKit.framework */,
				41481F822343893E004E2EB2 /* libc++.tbd */,
				41481F812343892C004E2EB2 /* libsqlite3.tbd */,
				41481F4F2343873E004E2EB2 /* BoringSSL-GRPC.framework */,
				41481F512343873E004E2EB2 /* FIRAnalyticsConnector.framework */,
				41481F472343873D004E2EB2 /* FirebaseAnalytics.framework */,
				41481F572343873E004E2EB2 /* FirebaseAuth.framework */,
				41481F542343873E004E2EB2 /* FirebaseCore.framework */,
				41481F462343873D004E2EB2 /* FirebaseCoreDiagnostics.framework */,
				41481F4A2343873D004E2EB2 /* FirebaseFirestore.framework */,
				41481F562343873E004E2EB2 /* FirebaseInstanceID.framework */,
				41481F4D2343873D004E2EB2 /* FirebaseStorage.framework */,
				41481F4E2343873D004E2EB2 /* GoogleAppMeasurement.framework */,
				41481F532343873E004E2EB2 /* GoogleDataTransport.framework */,
				41481F502343873E004E2EB2 /* GoogleDataTransportCCTSupport.framework */,
				41481F4C2343873D004E2EB2 /* GoogleUtilities.framework */,
				41481F4B2343873D004E2EB2 /* gRPC-C++.framework */,
				41481F552343873E004E2EB2 /* gRPC-Core.framework */,
				41481F482343873D004E2EB2 /* GTMSessionFetcher.framework */,
				41481F492343873D004E2EB2 /* leveldb-library.framework */,
				41481F452343873D004E2EB2 /* nanopb.framework */,
				41481F522343873E004E2EB2 /* Protobuf.framework */,
				411A16A62340E3D000644A61 /* AttributesInspector.framework */,
				411A16A22340E3C000644A61 /* HyperionCore.framework */,
				41A3C7AF233E6C86008C797A /* RealmSwift.framework */,
				41A3C7AD233E6C7C008C797A /* Realm.framework */,
				41D34ED12339E7C80096188B /* RxRelay.framework */,
				41D34EC82339DF140096188B /* RxCocoa.framework */,
				41D34EC42339DF090096188B /* RxSwift.framework */,
			);
			name = Frameworks;
			sourceTree = "<group>";
		};
		41F46B8923404D8200606D7B /* Commons */ = {
			isa = PBXGroup;
			children = (
				41F46B8A23404DBE00606D7B /* JsonUtility.swift */,
				41456D6123559AFE0077309C /* AssetsManager.swift */,
				41B9AEB42367F64200CA1997 /* System.swift */,
			);
			path = Commons;
			sourceTree = "<group>";
		};
		41F46B8C23404FF400606D7B /* RealmObjects */ = {
			isa = PBXGroup;
			children = (
				41F46B8D2340502B00606D7B /* WorkObject.swift */,
				4176FAE72340509B0025B470 /* UserDataObject.swift */,
				414F0E5F234488F20013F833 /* SubscriptionToken.swift */,
				41D77CD62359AC7E00C0C860 /* ResourceObject.swift */,
			);
			path = RealmObjects;
			sourceTree = "<group>";
		};
/* End PBXGroup section */

/* Begin PBXNativeTarget section */
		4186ADD923324192002F6A4C /* ExhibitionApp */ = {
			isa = PBXNativeTarget;
			buildConfigurationList = 4186ADEE23324194002F6A4C /* Build configuration list for PBXNativeTarget "ExhibitionApp" */;
			buildPhases = (
				4186ADD623324192002F6A4C /* Sources */,
				4186ADD723324192002F6A4C /* Frameworks */,
				4186ADD823324192002F6A4C /* Resources */,
				41D34EC22339DE410096188B /* Run Script for Carthage */,
				411A16AA2340E40200644A61 /* Run Script for Carthage (Debug) */,
				4126D0FA235819AD00F5AB50 /* Run Script for Build Number */,
			);
			buildRules = (
			);
			dependencies = (
			);
			name = ExhibitionApp;
			productName = DetectingApp;
			productReference = 4186ADDA23324192002F6A4C /* ExhibitionApp.app */;
			productType = "com.apple.product-type.application";
		};
		41C1E80523406D07003B708D /* ExhibitionAppTests */ = {
			isa = PBXNativeTarget;
			buildConfigurationList = 41C1E80F23406D07003B708D /* Build configuration list for PBXNativeTarget "ExhibitionAppTests" */;
			buildPhases = (
				41C1E80223406D07003B708D /* Sources */,
				41C1E80323406D07003B708D /* Frameworks */,
				41C1E80423406D07003B708D /* Resources */,
			);
			buildRules = (
			);
			dependencies = (
				41C1E80C23406D07003B708D /* PBXTargetDependency */,
			);
			name = ExhibitionAppTests;
			productName = ExhibitionAppTests;
			productReference = 41C1E80623406D07003B708D /* ExhibitionAppTests.xctest */;
			productType = "com.apple.product-type.bundle.unit-test";
		};
/* End PBXNativeTarget section */

/* Begin PBXProject section */
		4186ADD223324192002F6A4C /* Project object */ = {
			isa = PBXProject;
			attributes = {
				LastSwiftUpdateCheck = 1110;
				LastUpgradeCheck = 1110;
				ORGANIZATIONNAME = "竹ノ内朝陽";
				TargetAttributes = {
					4186ADD923324192002F6A4C = {
						CreatedOnToolsVersion = 10.3;
					};
					41C1E80523406D07003B708D = {
						CreatedOnToolsVersion = 11.1;
						LastSwiftMigration = 1110;
						TestTargetID = 4186ADD923324192002F6A4C;
					};
				};
			};
			buildConfigurationList = 4186ADD523324192002F6A4C /* Build configuration list for PBXProject "ExhibitionApp" */;
			compatibilityVersion = "Xcode 9.3";
			developmentRegion = ja;
			hasScannedForEncodings = 0;
			knownRegions = (
				ja,
				Base,
			);
			mainGroup = 4186ADD123324192002F6A4C;
			productRefGroup = 4186ADDB23324192002F6A4C /* Products */;
			projectDirPath = "";
			projectRoot = "";
			targets = (
				4186ADD923324192002F6A4C /* ExhibitionApp */,
				41C1E80523406D07003B708D /* ExhibitionAppTests */,
			);
		};
/* End PBXProject section */

/* Begin PBXResourcesBuildPhase section */
		4186ADD823324192002F6A4C /* Resources */ = {
			isa = PBXResourcesBuildPhase;
			buildActionMask = 2147483647;
			files = (
				41481F80234387C8004E2EB2 /* gRPCCertificates-Cpp.bundle in Resources */,
				41481F4123438129004E2EB2 /* GoogleService-Info.plist in Resources */,
				4186ADE023324192002F6A4C /* art.scnassets in Resources */,
				416C213D2347261B00648C0A /* ScanningViewController.storyboard in Resources */,
				4186ADEA23324194002F6A4C /* LaunchScreen.storyboard in Resources */,
				416C212A234723A100648C0A /* TopPageViewController.storyboard in Resources */,
				410E1C08234EC6940088C71A /* LoadingViewController.storyboard in Resources */,
				4186ADE723324194002F6A4C /* Assets.xcassets in Resources */,
				416C2138234725C100648C0A /* LaunchScanningViewController.storyboard in Resources */,
				41B58A1323473A5E00C4BB45 /* WorkCollectionViewCell.xib in Resources */,
			);
			runOnlyForDeploymentPostprocessing = 0;
		};
		41C1E80423406D07003B708D /* Resources */ = {
			isa = PBXResourcesBuildPhase;
			buildActionMask = 2147483647;
			files = (
			);
			runOnlyForDeploymentPostprocessing = 0;
		};
/* End PBXResourcesBuildPhase section */

/* Begin PBXShellScriptBuildPhase section */
		411A16AA2340E40200644A61 /* Run Script for Carthage (Debug) */ = {
			isa = PBXShellScriptBuildPhase;
			buildActionMask = 2147483647;
			files = (
			);
			inputFileListPaths = (
			);
			inputPaths = (
				"$(SRCROOT)/Carthage/Build/iOS/HyperionCore.framework",
				"$(SRCROOT)/Carthage/Build/iOS/AttributesInspector.framework",
				"$(SRCROOT)/Carthage/Build/iOS/SlowAnimations.framework",
				"$(SRCROOT)/Carthage/Build/iOS/Measurements.framework",
			);
			name = "Run Script for Carthage (Debug)";
			outputFileListPaths = (
			);
			outputPaths = (
				"$(DERIVED_FILE_DIR)/HyperionCore.framework",
				"$(DERIVED_FILE_DIR)/AttributesInspector.framework",
				"$(DERIVED_FILE_DIR)/SlowAnimations.framework",
				"$(DERIVED_FILE_DIR)/Measurements.framework",
			);
			runOnlyForDeploymentPostprocessing = 0;
			shellPath = /bin/sh;
			shellScript = "# Type a script or drag a script file from your workspace to insert its path.\nif [ \"$CONFIGURATION\" == \"Debug\" ]; then\n    /usr/local/bin/carthage copy-frameworks\nfi\n";
		};
		4126D0FA235819AD00F5AB50 /* Run Script for Build Number */ = {
			isa = PBXShellScriptBuildPhase;
			buildActionMask = 2147483647;
			files = (
			);
			inputFileListPaths = (
			);
			inputPaths = (
			);
			name = "Run Script for Build Number";
			outputFileListPaths = (
			);
			outputPaths = (
			);
			runOnlyForDeploymentPostprocessing = 0;
			shellPath = /bin/sh;
			shellScript = "BuildNumber=$(git rev-list HEAD | wc -l | tr -d ' ')\n/usr/libexec/PlistBuddy -c \"Set :CFBundleVersion $BuildNumber\" \"$INFOPLIST_FILE\"\n";
		};
		41D34EC22339DE410096188B /* Run Script for Carthage */ = {
			isa = PBXShellScriptBuildPhase;
			buildActionMask = 2147483647;
			files = (
			);
			inputFileListPaths = (
			);
			inputPaths = (
				"$(SRCROOT)/Carthage/Build/iOS/RxSwift.framework",
				"$(SRCROOT)/Carthage/Build/iOS/RxCocoa.framework",
				"$(SRCROOT)/Carthage/Build/iOS/RxRelay.framework",
				"$(SRCROOT)/Carthage/Build/iOS/Realm.framework",
				"$(SRCROOT)/Carthage/Build/iOS/RealmSwift.framework",
				"$(SRCROOT)/Carthage/Build/iOS/Hydra.framework",
				"$(SRCROOT)/Carthage/Build/iOS/CodableFirebase.framework",
				"$(SRCROOT)/Carthage/Build/iOS/SnapKit.framework",
			);
			name = "Run Script for Carthage";
			outputFileListPaths = (
			);
			outputPaths = (
				"$(BUILT_PRODUCTS_DIR)/$(FRAMEWORKS_FOLDER_PATH)/Kingfisher.framework",
			);
			runOnlyForDeploymentPostprocessing = 0;
			shellPath = /bin/sh;
			shellScript = "# Type a script or drag a script file from your workspace to insert its path.\n/usr/local/bin/carthage copy-frameworks\n";
		};
/* End PBXShellScriptBuildPhase section */

/* Begin PBXSourcesBuildPhase section */
		4186ADD623324192002F6A4C /* Sources */ = {
			isa = PBXSourcesBuildPhase;
			buildActionMask = 2147483647;
			files = (
				41EA9C102334D86700552D40 /* UICollectionView+Extensions.swift in Sources */,
				416C212C2347240200648C0A /* TopPageViewController.swift in Sources */,
				41456D6223559AFE0077309C /* AssetsManager.swift in Sources */,
				41222D022340452000F5EFE9 /* Work.swift in Sources */,
				414F0E60234488F20013F833 /* SubscriptionToken.swift in Sources */,
				4186ADFF233254FB002F6A4C /* UIViewController+Extensions.swift in Sources */,
				41647D88234745670021A2E3 /* ScanningViewModel.swift in Sources */,
				4103C4E32355F2F7000918EB /* WorkCollectionHeaderViewModel.swift in Sources */,
				416C213F2347264100648C0A /* ScanningViewController.swift in Sources */,
				41270EAE233B291C00B88732 /* Array+Extensions.swift in Sources */,
				414F0E5423446C100013F833 /* Firestore+Extensions.swift in Sources */,
				41A596A923334179008DA6AF /* LabelNode.swift in Sources */,
				8A6804AB235040290059019D /* UIColor+Extensions.swift in Sources */,
				4186ADDE23324192002F6A4C /* AppDelegate.swift in Sources */,
				41D77CD72359AC7E00C0C860 /* ResourceObject.swift in Sources */,
				8A6804BB2354E1E70059019D /* UIButton+Custom.swift in Sources */,
				41B5BB252344F48700A274C7 /* UIView+Extensions.swift in Sources */,
				4186AE092332553F002F6A4C /* Injectable.swift in Sources */,
				41EA9C282334F57600552D40 /* NSObject+Extensions.swift in Sources */,
				8A6804AF23521A4A0059019D /* WorkCollectionHeaderView.swift in Sources */,
				41647D8B2347458B0021A2E3 /* SharingViewModel.swift in Sources */,
				41F46B8B23404DBE00606D7B /* JsonUtility.swift in Sources */,
				4176FAE82340509B0025B470 /* UserDataObject.swift in Sources */,
				41B5BB272344F4BE00A274C7 /* UIApplication+Extensions.swift in Sources */,
				418FDBDC2352E77300E57D51 /* HistoryViewModel.swift in Sources */,
				410E1C0A234EC6B10088C71A /* LoadingViewController.swift in Sources */,
				41B589EC2347279800C4BB45 /* SharingViewController.swift in Sources */,
				416C213A234725DD00648C0A /* LaunchScanningViewController.swift in Sources */,
				41B9AEB52367F64200CA1997 /* System.swift in Sources */,
				416E580E2357587B004A1B30 /* LoadingViewModel.swift in Sources */,
				418E40C92352FB1100322B6A /* SnapKit+Extensions.swift in Sources */,
				41222D042340484600F5EFE9 /* UserData.swift in Sources */,
				41481F89234389AF004E2EB2 /* FirebaseService.swift in Sources */,
				4186ADFC233254FB002F6A4C /* UIImage+Extensions.swift in Sources */,
				41D77CD52359AC4800C0C860 /* Resource.swift in Sources */,
				8A6804B523527B890059019D /* UIFont+Extensions.swift in Sources */,
				416C21342347256A00648C0A /* WorkCollectionViewCell.swift in Sources */,
				41B5BB232344F27700A274C7 /* String+Extensions.swift in Sources */,
				41907CA9233F19EC00C54253 /* DataStore.swift in Sources */,
				41F46B8E2340502B00606D7B /* WorkObject.swift in Sources */,
				416C2131234724D500648C0A /* HistoryViewController.swift in Sources */,
				4186AE00233254FB002F6A4C /* UITableView+Extensions.swift in Sources */,
				41B58A182347425200C4BB45 /* WorkCollectionViewCellModel.swift in Sources */,
			);
			runOnlyForDeploymentPostprocessing = 0;
		};
		41C1E80223406D07003B708D /* Sources */ = {
			isa = PBXSourcesBuildPhase;
			buildActionMask = 2147483647;
			files = (
				41B9AEB92367FDEC00CA1997 /* AssetsManagerTests.swift in Sources */,
				414F0E6523448FA70013F833 /* WorkTests.swift in Sources */,
				41B9AEBB2368022200CA1997 /* UserDataTests.swift in Sources */,
			);
			runOnlyForDeploymentPostprocessing = 0;
		};
/* End PBXSourcesBuildPhase section */

/* Begin PBXTargetDependency section */
		41C1E80C23406D07003B708D /* PBXTargetDependency */ = {
			isa = PBXTargetDependency;
			target = 4186ADD923324192002F6A4C /* ExhibitionApp */;
			targetProxy = 41C1E80B23406D07003B708D /* PBXContainerItemProxy */;
		};
/* End PBXTargetDependency section */

/* Begin PBXVariantGroup section */
		4186ADE823324194002F6A4C /* LaunchScreen.storyboard */ = {
			isa = PBXVariantGroup;
			children = (
				4186ADE923324194002F6A4C /* Base */,
			);
			name = LaunchScreen.storyboard;
			sourceTree = "<group>";
		};
/* End PBXVariantGroup section */

/* Begin XCBuildConfiguration section */
		4186ADEC23324194002F6A4C /* Debug */ = {
			isa = XCBuildConfiguration;
			buildSettings = {
				ALWAYS_SEARCH_USER_PATHS = NO;
				CLANG_ANALYZER_NONNULL = YES;
				CLANG_ANALYZER_NUMBER_OBJECT_CONVERSION = YES_AGGRESSIVE;
				CLANG_CXX_LANGUAGE_STANDARD = "gnu++14";
				CLANG_CXX_LIBRARY = "libc++";
				CLANG_ENABLE_MODULES = YES;
				CLANG_ENABLE_OBJC_ARC = YES;
				CLANG_ENABLE_OBJC_WEAK = YES;
				CLANG_WARN_BLOCK_CAPTURE_AUTORELEASING = YES;
				CLANG_WARN_BOOL_CONVERSION = YES;
				CLANG_WARN_COMMA = YES;
				CLANG_WARN_CONSTANT_CONVERSION = YES;
				CLANG_WARN_DEPRECATED_OBJC_IMPLEMENTATIONS = YES;
				CLANG_WARN_DIRECT_OBJC_ISA_USAGE = YES_ERROR;
				CLANG_WARN_DOCUMENTATION_COMMENTS = YES;
				CLANG_WARN_EMPTY_BODY = YES;
				CLANG_WARN_ENUM_CONVERSION = YES;
				CLANG_WARN_INFINITE_RECURSION = YES;
				CLANG_WARN_INT_CONVERSION = YES;
				CLANG_WARN_NON_LITERAL_NULL_CONVERSION = YES;
				CLANG_WARN_OBJC_IMPLICIT_RETAIN_SELF = YES;
				CLANG_WARN_OBJC_LITERAL_CONVERSION = YES;
				CLANG_WARN_OBJC_ROOT_CLASS = YES_ERROR;
				CLANG_WARN_RANGE_LOOP_ANALYSIS = YES;
				CLANG_WARN_STRICT_PROTOTYPES = YES;
				CLANG_WARN_SUSPICIOUS_MOVE = YES;
				CLANG_WARN_UNGUARDED_AVAILABILITY = YES_AGGRESSIVE;
				CLANG_WARN_UNREACHABLE_CODE = YES;
				CLANG_WARN__DUPLICATE_METHOD_MATCH = YES;
				CODE_SIGN_IDENTITY = "iPhone Developer";
				COPY_PHASE_STRIP = NO;
				DEBUG_INFORMATION_FORMAT = dwarf;
				ENABLE_STRICT_OBJC_MSGSEND = YES;
				ENABLE_TESTABILITY = YES;
				GCC_C_LANGUAGE_STANDARD = gnu11;
				GCC_DYNAMIC_NO_PIC = NO;
				GCC_NO_COMMON_BLOCKS = YES;
				GCC_OPTIMIZATION_LEVEL = 0;
				GCC_PREPROCESSOR_DEFINITIONS = (
					"DEBUG=1",
					"$(inherited)",
				);
				GCC_WARN_64_TO_32_BIT_CONVERSION = YES;
				GCC_WARN_ABOUT_RETURN_TYPE = YES_ERROR;
				GCC_WARN_UNDECLARED_SELECTOR = YES;
				GCC_WARN_UNINITIALIZED_AUTOS = YES_AGGRESSIVE;
				GCC_WARN_UNUSED_FUNCTION = YES;
				GCC_WARN_UNUSED_VARIABLE = YES;
				IPHONEOS_DEPLOYMENT_TARGET = 12.0;
				MTL_ENABLE_DEBUG_INFO = INCLUDE_SOURCE;
				MTL_FAST_MATH = YES;
				ONLY_ACTIVE_ARCH = YES;
				SDKROOT = iphoneos;
				SWIFT_ACTIVE_COMPILATION_CONDITIONS = DEBUG;
				SWIFT_OPTIMIZATION_LEVEL = "-Onone";
			};
			name = Debug;
		};
		4186ADED23324194002F6A4C /* Release */ = {
			isa = XCBuildConfiguration;
			buildSettings = {
				ALWAYS_SEARCH_USER_PATHS = NO;
				CLANG_ANALYZER_NONNULL = YES;
				CLANG_ANALYZER_NUMBER_OBJECT_CONVERSION = YES_AGGRESSIVE;
				CLANG_CXX_LANGUAGE_STANDARD = "gnu++14";
				CLANG_CXX_LIBRARY = "libc++";
				CLANG_ENABLE_MODULES = YES;
				CLANG_ENABLE_OBJC_ARC = YES;
				CLANG_ENABLE_OBJC_WEAK = YES;
				CLANG_WARN_BLOCK_CAPTURE_AUTORELEASING = YES;
				CLANG_WARN_BOOL_CONVERSION = YES;
				CLANG_WARN_COMMA = YES;
				CLANG_WARN_CONSTANT_CONVERSION = YES;
				CLANG_WARN_DEPRECATED_OBJC_IMPLEMENTATIONS = YES;
				CLANG_WARN_DIRECT_OBJC_ISA_USAGE = YES_ERROR;
				CLANG_WARN_DOCUMENTATION_COMMENTS = YES;
				CLANG_WARN_EMPTY_BODY = YES;
				CLANG_WARN_ENUM_CONVERSION = YES;
				CLANG_WARN_INFINITE_RECURSION = YES;
				CLANG_WARN_INT_CONVERSION = YES;
				CLANG_WARN_NON_LITERAL_NULL_CONVERSION = YES;
				CLANG_WARN_OBJC_IMPLICIT_RETAIN_SELF = YES;
				CLANG_WARN_OBJC_LITERAL_CONVERSION = YES;
				CLANG_WARN_OBJC_ROOT_CLASS = YES_ERROR;
				CLANG_WARN_RANGE_LOOP_ANALYSIS = YES;
				CLANG_WARN_STRICT_PROTOTYPES = YES;
				CLANG_WARN_SUSPICIOUS_MOVE = YES;
				CLANG_WARN_UNGUARDED_AVAILABILITY = YES_AGGRESSIVE;
				CLANG_WARN_UNREACHABLE_CODE = YES;
				CLANG_WARN__DUPLICATE_METHOD_MATCH = YES;
				CODE_SIGN_IDENTITY = "iPhone Developer";
				COPY_PHASE_STRIP = NO;
				DEBUG_INFORMATION_FORMAT = "dwarf-with-dsym";
				ENABLE_NS_ASSERTIONS = NO;
				ENABLE_STRICT_OBJC_MSGSEND = YES;
				GCC_C_LANGUAGE_STANDARD = gnu11;
				GCC_NO_COMMON_BLOCKS = YES;
				GCC_WARN_64_TO_32_BIT_CONVERSION = YES;
				GCC_WARN_ABOUT_RETURN_TYPE = YES_ERROR;
				GCC_WARN_UNDECLARED_SELECTOR = YES;
				GCC_WARN_UNINITIALIZED_AUTOS = YES_AGGRESSIVE;
				GCC_WARN_UNUSED_FUNCTION = YES;
				GCC_WARN_UNUSED_VARIABLE = YES;
				IPHONEOS_DEPLOYMENT_TARGET = 12.0;
				MTL_ENABLE_DEBUG_INFO = NO;
				MTL_FAST_MATH = YES;
				SDKROOT = iphoneos;
				SWIFT_COMPILATION_MODE = wholemodule;
				SWIFT_OPTIMIZATION_LEVEL = "-O";
				VALIDATE_PRODUCT = YES;
			};
			name = Release;
		};
		4186ADEF23324194002F6A4C /* Debug */ = {
			isa = XCBuildConfiguration;
			buildSettings = {
				ASSETCATALOG_COMPILER_APPICON_NAME = AppIcon;
				CODE_SIGN_IDENTITY = "iPhone Developer";
				CODE_SIGN_STYLE = Manual;
				DEVELOPMENT_TEAM = P2SAHRC466;
				FRAMEWORK_SEARCH_PATHS = (
					"$(inherited)",
					"$(PROJECT_DIR)/Carthage/Build/iOS",
				);
				INFOPLIST_FILE = ExhibitionApp/Info.plist;
				LD_RUNPATH_SEARCH_PATHS = (
					"$(inherited)",
					"@executable_path/Frameworks",
				);
				OTHER_LDFLAGS = (
					"$(OTHER_LDFLAGS)",
					"-ObjC",
				);
				PRODUCT_BUNDLE_IDENTIFIER = com.asahi.ExhibitionApp;
				PRODUCT_NAME = ExhibitionApp;
				PROVISIONING_PROFILE_SPECIFIER = "Development Provision Profile for Exhibition";
				SWIFT_VERSION = 5.0;
				TARGETED_DEVICE_FAMILY = "1,2";
			};
			name = Debug;
		};
		4186ADF023324194002F6A4C /* Release */ = {
			isa = XCBuildConfiguration;
			buildSettings = {
				ASSETCATALOG_COMPILER_APPICON_NAME = AppIcon;
				CODE_SIGN_IDENTITY = "iPhone Distribution";
				CODE_SIGN_STYLE = Manual;
				DEVELOPMENT_TEAM = P2SAHRC466;
				FRAMEWORK_SEARCH_PATHS = (
					"$(inherited)",
					"$(PROJECT_DIR)/Carthage/Build/iOS",
				);
				INFOPLIST_FILE = ExhibitionApp/Info.plist;
				LD_RUNPATH_SEARCH_PATHS = (
					"$(inherited)",
					"@executable_path/Frameworks",
				);
				OTHER_LDFLAGS = (
					"$(OTHER_LDFLAGS)",
					"-ObjC",
				);
				PRODUCT_BUNDLE_IDENTIFIER = com.asahi.ExhibitionApp;
				PRODUCT_NAME = ExhibitionApp;
				PROVISIONING_PROFILE_SPECIFIER = "Ad hoc Provision Profile for Exhibition";
				SWIFT_VERSION = 5.0;
				TARGETED_DEVICE_FAMILY = "1,2";
			};
			name = Release;
		};
		41C1E80D23406D07003B708D /* Debug */ = {
			isa = XCBuildConfiguration;
			buildSettings = {
				BUNDLE_LOADER = "$(TEST_HOST)";
				CLANG_ENABLE_MODULES = YES;
				CODE_SIGN_IDENTITY = "Apple Development";
				CODE_SIGN_STYLE = Manual;
				DEVELOPMENT_TEAM = P2SAHRC466;
				INFOPLIST_FILE = ExhibitionAppTests/Info.plist;
				IPHONEOS_DEPLOYMENT_TARGET = 13.1;
				LD_RUNPATH_SEARCH_PATHS = (
					"$(inherited)",
					"@executable_path/Frameworks",
					"@loader_path/Frameworks",
				);
				PRODUCT_BUNDLE_IDENTIFIER = com.asahi.ExhibitionAppTests;
				PRODUCT_NAME = "$(TARGET_NAME)";
				PROVISIONING_PROFILE_SPECIFIER = "";
				"PROVISIONING_PROFILE_SPECIFIER[sdk=macosx*]" = "";
				SWIFT_OBJC_BRIDGING_HEADER = "ExhibitionAppTests/ExhibitionAppTests-Bridging-Header.h";
				SWIFT_OPTIMIZATION_LEVEL = "-Onone";
				SWIFT_VERSION = 5.0;
				TARGETED_DEVICE_FAMILY = "1,2";
				TEST_HOST = "$(BUILT_PRODUCTS_DIR)/ExhibitionApp.app/ExhibitionApp";
			};
			name = Debug;
		};
		41C1E80E23406D07003B708D /* Release */ = {
			isa = XCBuildConfiguration;
			buildSettings = {
				BUNDLE_LOADER = "$(TEST_HOST)";
				CLANG_ENABLE_MODULES = YES;
				CODE_SIGN_IDENTITY = "Apple Development";
				CODE_SIGN_STYLE = Manual;
				DEVELOPMENT_TEAM = P2SAHRC466;
				INFOPLIST_FILE = ExhibitionAppTests/Info.plist;
				IPHONEOS_DEPLOYMENT_TARGET = 13.1;
				LD_RUNPATH_SEARCH_PATHS = (
					"$(inherited)",
					"@executable_path/Frameworks",
					"@loader_path/Frameworks",
				);
				PRODUCT_BUNDLE_IDENTIFIER = com.asahi.ExhibitionAppTests;
				PRODUCT_NAME = "$(TARGET_NAME)";
				PROVISIONING_PROFILE_SPECIFIER = "";
				"PROVISIONING_PROFILE_SPECIFIER[sdk=macosx*]" = "";
				SWIFT_OBJC_BRIDGING_HEADER = "ExhibitionAppTests/ExhibitionAppTests-Bridging-Header.h";
				SWIFT_VERSION = 5.0;
				TARGETED_DEVICE_FAMILY = "1,2";
				TEST_HOST = "$(BUILT_PRODUCTS_DIR)/ExhibitionApp.app/ExhibitionApp";
			};
			name = Release;
		};
/* End XCBuildConfiguration section */

/* Begin XCConfigurationList section */
		4186ADD523324192002F6A4C /* Build configuration list for PBXProject "ExhibitionApp" */ = {
			isa = XCConfigurationList;
			buildConfigurations = (
				4186ADEC23324194002F6A4C /* Debug */,
				4186ADED23324194002F6A4C /* Release */,
			);
			defaultConfigurationIsVisible = 0;
			defaultConfigurationName = Release;
		};
		4186ADEE23324194002F6A4C /* Build configuration list for PBXNativeTarget "ExhibitionApp" */ = {
			isa = XCConfigurationList;
			buildConfigurations = (
				4186ADEF23324194002F6A4C /* Debug */,
				4186ADF023324194002F6A4C /* Release */,
			);
			defaultConfigurationIsVisible = 0;
			defaultConfigurationName = Release;
		};
		41C1E80F23406D07003B708D /* Build configuration list for PBXNativeTarget "ExhibitionAppTests" */ = {
			isa = XCConfigurationList;
			buildConfigurations = (
				41C1E80D23406D07003B708D /* Debug */,
				41C1E80E23406D07003B708D /* Release */,
			);
			defaultConfigurationIsVisible = 0;
			defaultConfigurationName = Release;
		};
/* End XCConfigurationList section */
	};
	rootObject = 4186ADD223324192002F6A4C /* Project object */;
}
